
Microsoft Visual Studio Solution File, Format Version 12.00
# Visual Studio Version 16
VisualStudioVersion = 16.0.30804.86
MinimumVisualStudioVersion = 10.0.40219.1
Project("{FAE04EC0-301F-11D3-BF4B-00C04F79EFBC}") = "ManaDigitalV", "ManaDigitalV\ManaDigitalV.csproj", "{0B45640A-4625-4260-91C2-BE25E6B56304}"
EndProject
Project("{FAE04EC0-301F-11D3-BF4B-00C04F79EFBC}") = "BusinessEntity", "BusinessEntity\BusinessEntity.csproj", "{82D3F78A-E370-4935-8206-4382115B1BFF}"
EndProject
Project("{FAE04EC0-301F-11D3-BF4B-00C04F79EFBC}") = "dataAccess", "dataAccess\dataAccess.csproj", "{A383E5EB-5C0F-4ECE-9AE8-A649037FFC72}"
EndProject
Project("{FAE04EC0-301F-11D3-BF4B-00C04F79EFBC}") = "dataLogic", "dataLogic\dataLogic.csproj", "{3194C7F2-52C5-478D-A07B-86B41C5F84EA}"
EndProject
Global
	GlobalSection(SolutionConfigurationPlatforms) = preSolution
		Debug|Any CPU = Debug|Any CPU
		Release|Any CPU = Release|Any CPU
	EndGlobalSection
	GlobalSection(ProjectConfigurationPlatforms) = postSolution
		{0B45640A-4625-4260-91C2-BE25E6B56304}.Debug|Any CPU.ActiveCfg = Debug|Any CPU
		{0B45640A-4625-4260-91C2-BE25E6B56304}.Debug|Any CPU.Build.0 = Debug|Any CPU
		{0B45640A-4625-4260-91C2-BE25E6B56304}.Release|Any CPU.ActiveCfg = Release|Any CPU
		{0B45640A-4625-4260-91C2-BE25E6B56304}.Release|Any CPU.Build.0 = Release|Any CPU
		{82D3F78A-E370-4935-8206-4382115B1BFF}.Debug|Any CPU.ActiveCfg = Debug|Any CPU
		{82D3F78A-E370-4935-8206-4382115B1BFF}.Debug|Any CPU.Build.0 = Debug|Any CPU
		{82D3F78A-E370-4935-8206-4382115B1BFF}.Release|Any CPU.ActiveCfg = Release|Any CPU
		{82D3F78A-E370-4935-8206-4382115B1BFF}.Release|Any CPU.Build.0 = Release|Any CPU
		{A383E5EB-5C0F-4ECE-9AE8-A649037FFC72}.Debug|Any CPU.ActiveCfg = Debug|Any CPU
		{A383E5EB-5C0F-4ECE-9AE8-A649037FFC72}.Debug|Any CPU.Build.0 = Debug|Any CPU
		{A383E5EB-5C0F-4ECE-9AE8-A649037FFC72}.Release|Any CPU.ActiveCfg = Release|Any CPU
		{A383E5EB-5C0F-4ECE-9AE8-A649037FFC72}.Release|Any CPU.Build.0 = Release|Any CPU
		{3194C7F2-52C5-478D-A07B-86B41C5F84EA}.Debug|Any CPU.ActiveCfg = Debug|Any CPU
		{3194C7F2-52C5-478D-A07B-86B41C5F84EA}.Debug|Any CPU.Build.0 = Debug|Any CPU
		{3194C7F2-52C5-478D-A07B-86B41C5F84EA}.Release|Any CPU.ActiveCfg = Release|Any CPU
		{3194C7F2-52C5-478D-A07B-86B41C5F84EA}.Release|Any CPU.Build.0 = Release|Any CPU
	EndGlobalSection
	GlobalSection(SolutionProperties) = preSolution
		HideSolutionNode = FALSE
	EndGlobalSection
	GlobalSection(ExtensibilityGlobals) = postSolution
		SolutionGuid = {EFD745E7-8F4B-4BE3-B056-BDACE1503A52}
	EndGlobalSection
EndGlobal
